
Microsoft Visual Studio Solution File, Format Version 12.00
# Visual Studio Version 17
VisualStudioVersion = 17.4.33205.214
MinimumVisualStudioVersion = 10.0.40219.1
Project("{9A19103F-16F7-4668-BE54-9A1E7A4F7556}") = "PersonGEH_WebAPI_Unit_Testing", "PersonGEH_WebAPI\PersonGEH_WebAPI_Unit_Testing.csproj", "{32A70AB7-E631-4786-9B27-707BE21747C6}"
EndProject
Project("{FAE04EC0-301F-11D3-BF4B-00C04F79EFBC}") = "UnitTestProject1", "UnitTestProject1\UnitTestProject1.csproj", "{B18A8C9D-2B0C-4DD6-A85D-A0C6E546E844}"
EndProject
Global
	GlobalSection(SolutionConfigurationPlatforms) = preSolution
		Debug|Any CPU = Debug|Any CPU
		Release|Any CPU = Release|Any CPU
	EndGlobalSection
	GlobalSection(ProjectConfigurationPlatforms) = postSolution
		{32A70AB7-E631-4786-9B27-707BE21747C6}.Debug|Any CPU.ActiveCfg = Debug|Any CPU
		{32A70AB7-E631-4786-9B27-707BE21747C6}.Debug|Any CPU.Build.0 = Debug|Any CPU
		{32A70AB7-E631-4786-9B27-707BE21747C6}.Release|Any CPU.ActiveCfg = Release|Any CPU
		{32A70AB7-E631-4786-9B27-707BE21747C6}.Release|Any CPU.Build.0 = Release|Any CPU
		{B18A8C9D-2B0C-4DD6-A85D-A0C6E546E844}.Debug|Any CPU.ActiveCfg = Debug|Any CPU
		{B18A8C9D-2B0C-4DD6-A85D-A0C6E546E844}.Debug|Any CPU.Build.0 = Debug|Any CPU
		{B18A8C9D-2B0C-4DD6-A85D-A0C6E546E844}.Release|Any CPU.ActiveCfg = Release|Any CPU
		{B18A8C9D-2B0C-4DD6-A85D-A0C6E546E844}.Release|Any CPU.Build.0 = Release|Any CPU
	EndGlobalSection
	GlobalSection(SolutionProperties) = preSolution
		HideSolutionNode = FALSE
	EndGlobalSection
	GlobalSection(ExtensibilityGlobals) = postSolution
		SolutionGuid = {CC5323D3-FE5E-4B06-81EB-47D78175C4B9}
	EndGlobalSection
EndGlobal
